// !$*UTF8*$!
{
	archiveVersion = 1;
	classes = {
	};
	objectVersion = 46;
	objects = {

/* Begin PBXBuildFile section */
		1C59EC532589CE3F00F4AEE2 /* IMG_0317.DNG in Resources */ = {isa = PBXBuildFile; fileRef = 1C59EC512589CE0E00F4AEE2 /* IMG_0317.DNG */; };
		CA8F7DA41D945D1400C82F4B /* main.m in Sources */ = {isa = PBXBuildFile; fileRef = CA8F7DA31D945D1400C82F4B /* main.m */; };
		CA8F7DA71D945D1400C82F4B /* AppDelegate.m in Sources */ = {isa = PBXBuildFile; fileRef = CA8F7DA61D945D1400C82F4B /* AppDelegate.m */; };
		CA8F7DAA1D945D1400C82F4B /* ViewController.m in Sources */ = {isa = PBXBuildFile; fileRef = CA8F7DA91D945D1400C82F4B /* ViewController.m */; };
		CA8F7DAD1D945D1400C82F4B /* Main.storyboard in Resources */ = {isa = PBXBuildFile; fileRef = CA8F7DAB1D945D1400C82F4B /* Main.storyboard */; };
		CA8F7DAF1D945D1400C82F4B /* Assets.xcassets in Resources */ = {isa = PBXBuildFile; fileRef = CA8F7DAE1D945D1400C82F4B /* Assets.xcassets */; };
		CA8F7DB21D945D1400C82F4B /* LaunchScreen.storyboard in Resources */ = {isa = PBXBuildFile; fileRef = CA8F7DB01D945D1400C82F4B /* LaunchScreen.storyboard */; };
/* End PBXBuildFile section */

/* Begin PBXFileReference section */
		1C59EC512589CE0E00F4AEE2 /* IMG_0317.DNG */ = {isa = PBXFileReference; lastKnownFileType = file; path = IMG_0317.DNG; sourceTree = "<group>"; };
		CA8F7D9F1D945D1400C82F4B /* CIRAWFilterDraftAndScaleTest.app */ = {isa = PBXFileReference; explicitFileType = wrapper.application; includeInIndex = 0; path = CIRAWFilterDraftAndScaleTest.app; sourceTree = BUILT_PRODUCTS_DIR; };
		CA8F7DA31D945D1400C82F4B /* main.m */ = {isa = PBXFileReference; lastKnownFileType = sourcecode.c.objc; path = main.m; sourceTree = "<group>"; };
		CA8F7DA51D945D1400C82F4B /* AppDelegate.h */ = {isa = PBXFileReference; lastKnownFileType = sourcecode.c.h; path = AppDelegate.h; sourceTree = "<group>"; };
		CA8F7DA61D945D1400C82F4B /* AppDelegate.m */ = {isa = PBXFileReference; lastKnownFileType = sourcecode.c.objc; path = AppDelegate.m; sourceTree = "<group>"; };
		CA8F7DA81D945D1400C82F4B /* ViewController.h */ = {isa = PBXFileReference; lastKnownFileType = sourcecode.c.h; path = ViewController.h; sourceTree = "<group>"; };
		CA8F7DA91D945D1400C82F4B /* ViewController.m */ = {isa = PBXFileReference; lastKnownFileType = sourcecode.c.objc; path = ViewController.m; sourceTree = "<group>"; };
		CA8F7DAC1D945D1400C82F4B /* Base */ = {isa = PBXFileReference; lastKnownFileType = file.storyboard; name = Base; path = Base.lproj/Main.storyboard; sourceTree = "<group>"; };
		CA8F7DAE1D945D1400C82F4B /* Assets.xcassets */ = {isa = PBXFileReference; lastKnownFileType = folder.assetcatalog; path = Assets.xcassets; sourceTree = "<group>"; };
		CA8F7DB11D945D1400C82F4B /* Base */ = {isa = PBXFileReference; lastKnownFileType = file.storyboard; name = Base; path = Base.lproj/LaunchScreen.storyboard; sourceTree = "<group>"; };
		CA8F7DB31D945D1400C82F4B /* Info.plist */ = {isa = PBXFileReference; lastKnownFileType = text.plist.xml; path = Info.plist; sourceTree = "<group>"; };
/* End PBXFileReference section */

/* Begin PBXFrameworksBuildPhase section */
		CA8F7D9C1D945D1400C82F4B /* Frameworks */ = {
			isa = PBXFrameworksBuildPhase;
			buildActionMask = 2147483647;
			files = (
			);
			runOnlyForDeploymentPostprocessing = 0;
		};
/* End PBXFrameworksBuildPhase section */

/* Begin PBXGroup section */
		CA8F7D961D945D1400C82F4B = {
			isa = PBXGroup;
			children = (
				CA8F7DA11D945D1400C82F4B /* CIRAWFilterDraftAndScaleTest */,
				CA8F7DA01D945D1400C82F4B /* Products */,
			);
			sourceTree = "<group>";
		};
		CA8F7DA01D945D1400C82F4B /* Products */ = {
			isa = PBXGroup;
			children = (
				CA8F7D9F1D945D1400C82F4B /* CIRAWFilterDraftAndScaleTest.app */,
			);
			name = Products;
			sourceTree = "<group>";
		};
		CA8F7DA11D945D1400C82F4B /* CIRAWFilterDraftAndScaleTest */ = {
			isa = PBXGroup;
			children = (
				1C59EC512589CE0E00F4AEE2 /* IMG_0317.DNG */,
				CA8F7DA51D945D1400C82F4B /* AppDelegate.h */,
				CA8F7DA61D945D1400C82F4B /* AppDelegate.m */,
				CA8F7DA81D945D1400C82F4B /* ViewController.h */,
				CA8F7DA91D945D1400C82F4B /* ViewController.m */,
				CA8F7DAB1D945D1400C82F4B /* Main.storyboard */,
				CA8F7DAE1D945D1400C82F4B /* Assets.xcassets */,
				CA8F7DB01D945D1400C82F4B /* LaunchScreen.storyboard */,
				CA8F7DB31D945D1400C82F4B /* Info.plist */,
				CA8F7DA21D945D1400C82F4B /* Supporting Files */,
			);
			path = CIRAWFilterDraftAndScaleTest;
			sourceTree = "<group>";
		};
		CA8F7DA21D945D1400C82F4B /* Supporting Files */ = {
			isa = PBXGroup;
			children = (
				CA8F7DA31D945D1400C82F4B /* main.m */,
			);
			name = "Supporting Files";
			sourceTree = "<group>";
		};
/* End PBXGroup section */

/* Begin PBXNativeTarget section */
		CA8F7D9E1D945D1400C82F4B /* CIRAWFilterDraftAndScaleTest */ = {
			isa = PBXNativeTarget;
			buildConfigurationList = CA8F7DB61D945D1400C82F4B /* Build configuration list for PBXNativeTarget "CIRAWFilterDraftAndScaleTest" */;
			buildPhases = (
				CA8F7D9B1D945D1400C82F4B /* Sources */,
				CA8F7D9C1D945D1400C82F4B /* Frameworks */,
				CA8F7D9D1D945D1400C82F4B /* Resources */,
			);
			buildRules = (
			);
			dependencies = (
			);
			name = CIRAWFilterDraftAndScaleTest;
			productName = CIRAWFilterColorShiftBugTest;
			productReference = CA8F7D9F1D945D1400C82F4B /* CIRAWFilterDraftAndScaleTest.app */;
			productType = "com.apple.product-type.application";
		};
/* End PBXNativeTarget section */

/* Begin PBXProject section */
		CA8F7D971D945D1400C82F4B /* Project object */ = {
			isa = PBXProject;
			attributes = {
				LastUpgradeCheck = 0800;
				ORGANIZATIONNAME = VSCO;
				TargetAttributes = {
					CA8F7D9E1D945D1400C82F4B = {
						CreatedOnToolsVersion = 8.0;
						DevelopmentTeam = XVT8K7BYMV;
						ProvisioningStyle = Automatic;
					};
				};
			};
			buildConfigurationList = CA8F7D9A1D945D1400C82F4B /* Build configuration list for PBXProject "CIRAWFilterDraftAndScaleTest" */;
			compatibilityVersion = "Xcode 3.2";
			developmentRegion = English;
			hasScannedForEncodings = 0;
			knownRegions = (
				English,
				en,
				Base,
			);
			mainGroup = CA8F7D961D945D1400C82F4B;
			productRefGroup = CA8F7DA01D945D1400C82F4B /* Products */;
			projectDirPath = "";
			projectRoot = "";
			targets = (
				CA8F7D9E1D945D1400C82F4B /* CIRAWFilterDraftAndScaleTest */,
			);
		};
/* End PBXProject section */

/* Begin PBXResourcesBuildPhase section */
		CA8F7D9D1D945D1400C82F4B /* Resources */ = {
			isa = PBXResourcesBuildPhase;
			buildActionMask = 2147483647;
			files = (
				CA8F7DB21D945D1400C82F4B /* LaunchScreen.storyboard in Resources */,
				1C59EC532589CE3F00F4AEE2 /* IMG_0317.DNG in Resources */,
				CA8F7DAF1D945D1400C82F4B /* Assets.xcassets in Resources */,
				CA8F7DAD1D945D1400C82F4B /* Main.storyboard in Resources */,
			);
			runOnlyForDeploymentPostprocessing = 0;
		};
/* End PBXResourcesBuildPhase section */

/* Begin PBXSourcesBuildPhase section */
		CA8F7D9B1D945D1400C82F4B /* Sources */ = {
			isa = PBXSourcesBuildPhase;
			buildActionMask = 2147483647;
			files = (
				CA8F7DAA1D945D1400C82F4B /* ViewController.m in Sources */,
				CA8F7DA71D945D1400C82F4B /* AppDelegate.m in Sources */,
				CA8F7DA41D945D1400C82F4B /* main.m in Sources */,
			);
			runOnlyForDeploymentPostprocessing = 0;
		};
/* End PBXSourcesBuildPhase section */

/* Begin PBXVariantGroup section */
		CA8F7DAB1D945D1400C82F4B /* Main.storyboard */ = {
			isa = PBXVariantGroup;
			children = (
				CA8F7DAC1D945D1400C82F4B /* Base */,
			);
			name = Main.storyboard;
			sourceTree = "<group>";
		};
		CA8F7DB01D945D1400C82F4B /* LaunchScreen.storyboard */ = {
			isa = PBXVariantGroup;
			children = (
				CA8F7DB11D945D1400C82F4B /* Base */,
			);
			name = LaunchScreen.storyboard;
			sourceTree = "<group>";
		};
/* End PBXVariantGroup section */

/* Begin XCBuildConfiguration section */
		CA8F7DB41D945D1400C82F4B /* Debug */ = {
			isa = XCBuildConfiguration;
			buildSettings = {
				ALWAYS_SEARCH_USER_PATHS = NO;
				CLANG_ANALYZER_NONNULL = YES;
				CLANG_CXX_LANGUAGE_STANDARD = "gnu++0x";
				CLANG_CXX_LIBRARY = "libc++";
				CLANG_ENABLE_MODULES = YES;
				CLANG_ENABLE_OBJC_ARC = YES;
				CLANG_WARN_BOOL_CONVERSION = YES;
				CLANG_WARN_CONSTANT_CONVERSION = YES;
				CLANG_WARN_DIRECT_OBJC_ISA_USAGE = YES_ERROR;
				CLANG_WARN_DOCUMENTATION_COMMENTS = YES;
				CLANG_WARN_EMPTY_BODY = YES;
				CLANG_WARN_ENUM_CONVERSION = YES;
				CLANG_WARN_INFINITE_RECURSION = YES;
				CLANG_WARN_INT_CONVERSION = YES;
				CLANG_WARN_OBJC_ROOT_CLASS = YES_ERROR;
				CLANG_WARN_SUSPICIOUS_MOVES = YES;
				CLANG_WARN_UNREACHABLE_CODE = YES;
				CLANG_WARN__DUPLICATE_METHOD_MATCH = YES;
				"CODE_SIGN_IDENTITY[sdk=iphoneos*]" = "iPhone Developer";
				COPY_PHASE_STRIP = NO;
				DEBUG_INFORMATION_FORMAT = dwarf;
				ENABLE_STRICT_OBJC_MSGSEND = YES;
				ENABLE_TESTABILITY = YES;
				GCC_C_LANGUAGE_STANDARD = gnu99;
				GCC_DYNAMIC_NO_PIC = NO;
				GCC_NO_COMMON_BLOCKS = YES;
				GCC_OPTIMIZATION_LEVEL = 0;
				GCC_PREPROCESSOR_DEFINITIONS = (
					"DEBUG=1",
					"$(inherited)",
				);
				GCC_WARN_64_TO_32_BIT_CONVERSION = YES;
				GCC_WARN_ABOUT_RETURN_TYPE = YES_ERROR;
				GCC_WARN_UNDECLARED_SELECTOR = YES;
				GCC_WARN_UNINITIALIZED_AUTOS = YES_AGGRESSIVE;
				GCC_WARN_UNUSED_FUNCTION = YES;
				GCC_WARN_UNUSED_VARIABLE = YES;
				IPHONEOS_DEPLOYMENT_TARGET = 10.0;
				MTL_ENABLE_DEBUG_INFO = YES;
				ONLY_ACTIVE_ARCH = YES;
				SDKROOT = iphoneos;
			};
			name = Debug;
		};
		CA8F7DB51D945D1400C82F4B /* Release */ = {
			isa = XCBuildConfiguration;
			buildSettings = {
				ALWAYS_SEARCH_USER_PATHS = NO;
				CLANG_ANALYZER_NONNULL = YES;
				CLANG_CXX_LANGUAGE_STANDARD = "gnu++0x";
				CLANG_CXX_LIBRARY = "libc++";
				CLANG_ENABLE_MODULES = YES;
				CLANG_ENABLE_OBJC_ARC = YES;
				CLANG_WARN_BOOL_CONVERSION = YES;
				CLANG_WARN_CONSTANT_CONVERSION = YES;
				CLANG_WARN_DIRECT_OBJC_ISA_USAGE = YES_ERROR;
				CLANG_WARN_DOCUMENTATION_COMMENTS = YES;
				CLANG_WARN_EMPTY_BODY = YES;
				CLANG_WARN_ENUM_CONVERSION = YES;
				CLANG_WARN_INFINITE_RECURSION = YES;
				CLANG_WARN_INT_CONVERSION = YES;
				CLANG_WARN_OBJC_ROOT_CLASS = YES_ERROR;
				CLANG_WARN_SUSPICIOUS_MOVES = YES;
				CLANG_WARN_UNREACHABLE_CODE = YES;
				CLANG_WARN__DUPLICATE_METHOD_MATCH = YES;
				"CODE_SIGN_IDENTITY[sdk=iphoneos*]" = "iPhone Developer";
				COPY_PHASE_STRIP = NO;
				DEBUG_INFORMATION_FORMAT = "dwarf-with-dsym";
				ENABLE_NS_ASSERTIONS = NO;
				ENABLE_STRICT_OBJC_MSGSEND = YES;
				GCC_C_LANGUAGE_STANDARD = gnu99;
				GCC_NO_COMMON_BLOCKS = YES;
				GCC_WARN_64_TO_32_BIT_CONVERSION = YES;
				GCC_WARN_ABOUT_RETURN_TYPE = YES_ERROR;
				GCC_WARN_UNDECLARED_SELECTOR = YES;
				GCC_WARN_UNINITIALIZED_AUTOS = YES_AGGRESSIVE;
				GCC_WARN_UNUSED_FUNCTION = YES;
				GCC_WARN_UNUSED_VARIABLE = YES;
				IPHONEOS_DEPLOYMENT_TARGET = 10.0;
				MTL_ENABLE_DEBUG_INFO = NO;
				SDKROOT = iphoneos;
				VALIDATE_PRODUCT = YES;
			};
			name = Release;
		};
		CA8F7DB71D945D1400C82F4B /* Debug */ = {
			isa = XCBuildConfiguration;
			buildSettings = {
				ASSETCATALOG_COMPILER_APPICON_NAME = AppIcon;
				DEVELOPMENT_TEAM = XVT8K7BYMV;
				INFOPLIST_FILE = "$(SRCROOT)/CIRAWFilterDraftAndScaleTest/Info.plist";
				IPHONEOS_DEPLOYMENT_TARGET = 9.0;
				LD_RUNPATH_SEARCH_PATHS = "$(inherited) @executable_path/Frameworks";
				PRODUCT_BUNDLE_IDENTIFIER = VSCO.CIRAWFilterDraftAndScaleTest;
				PRODUCT_NAME = "$(TARGET_NAME)";
			};
			name = Debug;
		};
		CA8F7DB81D945D1400C82F4B /* Release */ = {
			isa = XCBuildConfiguration;
			buildSettings = {
				ASSETCATALOG_COMPILER_APPICON_NAME = AppIcon;
				DEVELOPMENT_TEAM = XVT8K7BYMV;
				INFOPLIST_FILE = "$(SRCROOT)/CIRAWFilterDraftAndScaleTest/Info.plist";
				IPHONEOS_DEPLOYMENT_TARGET = 9.0;
				LD_RUNPATH_SEARCH_PATHS = "$(inherited) @executable_path/Frameworks";
				PRODUCT_BUNDLE_IDENTIFIER = VSCO.CIRAWFilterDraftAndScaleTest;
				PRODUCT_NAME = "$(TARGET_NAME)";
			};
			name = Release;
		};
/* End XCBuildConfiguration section */

/* Begin XCConfigurationList section */
		CA8F7D9A1D945D1400C82F4B /* Build configuration list for PBXProject "CIRAWFilterDraftAndScaleTest" */ = {
			isa = XCConfigurationList;
			buildConfigurations = (
				CA8F7DB41D945D1400C82F4B /* Debug */,
				CA8F7DB51D945D1400C82F4B /* Release */,
			);
			defaultConfigurationIsVisible = 0;
			defaultConfigurationName = Release;
		};
		CA8F7DB61D945D1400C82F4B /* Build configuration list for PBXNativeTarget "CIRAWFilterDraftAndScaleTest" */ = {
			isa = XCConfigurationList;
			buildConfigurations = (
				CA8F7DB71D945D1400C82F4B /* Debug */,
				CA8F7DB81D945D1400C82F4B /* Release */,
			);
			defaultConfigurationIsVisible = 0;
			defaultConfigurationName = Release;
		};
/* End XCConfigurationList section */
	};
	rootObject = CA8F7D971D945D1400C82F4B /* Project object */;
}
